
Microsoft Visual Studio Solution File, Format Version 12.00
# Visual Studio Version 17
VisualStudioVersion = 17.14.36705.20
MinimumVisualStudioVersion = 10.0.40219.1
Project("{FAE04EC0-301F-11D3-BF4B-00C04F79EFBC}") = "SleepTracker.Api", "SleepTracker.Api\SleepTracker.Api.csproj", "{D5B4D153-90F4-4692-B9A0-DCA837CF6EFD}"
EndProject
Project("{FAE04EC0-301F-11D3-BF4B-00C04F79EFBC}") = "SleepTracker.Api.Tests", "SleepTracker.Api.Tests\SleepTracker.Api.Tests.csproj", "{3DA0E3CF-446B-4B50-924D-EF7C486C8BAF}"
EndProject
Project("{54A90642-561A-4BB1-A94E-469ADEE60C69}") = "SleepTracker.Angular", "SleepTracker.Angular\SleepTracker.Angular.esproj", "{BA19BC1B-0D05-C02E-1834-DA466316CDA4}"
EndProject
Global
	GlobalSection(SolutionConfigurationPlatforms) = preSolution
		Debug|Any CPU = Debug|Any CPU
		Debug|x64 = Debug|x64
		Debug|x86 = Debug|x86
		Release|Any CPU = Release|Any CPU
		Release|x64 = Release|x64
		Release|x86 = Release|x86
	EndGlobalSection
	GlobalSection(ProjectConfigurationPlatforms) = postSolution
		{D5B4D153-90F4-4692-B9A0-DCA837CF6EFD}.Debug|Any CPU.ActiveCfg = Debug|Any CPU
		{D5B4D153-90F4-4692-B9A0-DCA837CF6EFD}.Debug|Any CPU.Build.0 = Debug|Any CPU
		{D5B4D153-90F4-4692-B9A0-DCA837CF6EFD}.Debug|x64.ActiveCfg = Debug|Any CPU
		{D5B4D153-90F4-4692-B9A0-DCA837CF6EFD}.Debug|x64.Build.0 = Debug|Any CPU
		{D5B4D153-90F4-4692-B9A0-DCA837CF6EFD}.Debug|x86.ActiveCfg = Debug|Any CPU
		{D5B4D153-90F4-4692-B9A0-DCA837CF6EFD}.Debug|x86.Build.0 = Debug|Any CPU
		{D5B4D153-90F4-4692-B9A0-DCA837CF6EFD}.Release|Any CPU.ActiveCfg = Release|Any CPU
		{D5B4D153-90F4-4692-B9A0-DCA837CF6EFD}.Release|Any CPU.Build.0 = Release|Any CPU
		{D5B4D153-90F4-4692-B9A0-DCA837CF6EFD}.Release|x64.ActiveCfg = Release|Any CPU
		{D5B4D153-90F4-4692-B9A0-DCA837CF6EFD}.Release|x64.Build.0 = Release|Any CPU
		{D5B4D153-90F4-4692-B9A0-DCA837CF6EFD}.Release|x86.ActiveCfg = Release|Any CPU
		{D5B4D153-90F4-4692-B9A0-DCA837CF6EFD}.Release|x86.Build.0 = Release|Any CPU
		{3DA0E3CF-446B-4B50-924D-EF7C486C8BAF}.Debug|Any CPU.ActiveCfg = Debug|Any CPU
		{3DA0E3CF-446B-4B50-924D-EF7C486C8BAF}.Debug|Any CPU.Build.0 = Debug|Any CPU
		{3DA0E3CF-446B-4B50-924D-EF7C486C8BAF}.Debug|x64.ActiveCfg = Debug|Any CPU
		{3DA0E3CF-446B-4B50-924D-EF7C486C8BAF}.Debug|x64.Build.0 = Debug|Any CPU
		{3DA0E3CF-446B-4B50-924D-EF7C486C8BAF}.Debug|x86.ActiveCfg = Debug|Any CPU
		{3DA0E3CF-446B-4B50-924D-EF7C486C8BAF}.Debug|x86.Build.0 = Debug|Any CPU
		{3DA0E3CF-446B-4B50-924D-EF7C486C8BAF}.Release|Any CPU.ActiveCfg = Release|Any CPU
		{3DA0E3CF-446B-4B50-924D-EF7C486C8BAF}.Release|Any CPU.Build.0 = Release|Any CPU
		{3DA0E3CF-446B-4B50-924D-EF7C486C8BAF}.Release|x64.ActiveCfg = Release|Any CPU
		{3DA0E3CF-446B-4B50-924D-EF7C486C8BAF}.Release|x64.Build.0 = Release|Any CPU
		{3DA0E3CF-446B-4B50-924D-EF7C486C8BAF}.Release|x86.ActiveCfg = Release|Any CPU
		{3DA0E3CF-446B-4B50-924D-EF7C486C8BAF}.Release|x86.Build.0 = Release|Any CPU
		{BA19BC1B-0D05-C02E-1834-DA466316CDA4}.Debug|Any CPU.ActiveCfg = Debug|Any CPU
		{BA19BC1B-0D05-C02E-1834-DA466316CDA4}.Debug|Any CPU.Build.0 = Debug|Any CPU
		{BA19BC1B-0D05-C02E-1834-DA466316CDA4}.Debug|Any CPU.Deploy.0 = Debug|Any CPU
		{BA19BC1B-0D05-C02E-1834-DA466316CDA4}.Debug|x64.ActiveCfg = Debug|Any CPU
		{BA19BC1B-0D05-C02E-1834-DA466316CDA4}.Debug|x64.Build.0 = Debug|Any CPU
		{BA19BC1B-0D05-C02E-1834-DA466316CDA4}.Debug|x64.Deploy.0 = Debug|Any CPU
		{BA19BC1B-0D05-C02E-1834-DA466316CDA4}.Debug|x86.ActiveCfg = Debug|Any CPU
		{BA19BC1B-0D05-C02E-1834-DA466316CDA4}.Debug|x86.Build.0 = Debug|Any CPU
		{BA19BC1B-0D05-C02E-1834-DA466316CDA4}.Debug|x86.Deploy.0 = Debug|Any CPU
		{BA19BC1B-0D05-C02E-1834-DA466316CDA4}.Release|Any CPU.ActiveCfg = Release|Any CPU
		{BA19BC1B-0D05-C02E-1834-DA466316CDA4}.Release|Any CPU.Build.0 = Release|Any CPU
		{BA19BC1B-0D05-C02E-1834-DA466316CDA4}.Release|Any CPU.Deploy.0 = Release|Any CPU
		{BA19BC1B-0D05-C02E-1834-DA466316CDA4}.Release|x64.ActiveCfg = Release|Any CPU
		{BA19BC1B-0D05-C02E-1834-DA466316CDA4}.Release|x64.Build.0 = Release|Any CPU
		{BA19BC1B-0D05-C02E-1834-DA466316CDA4}.Release|x64.Deploy.0 = Release|Any CPU
		{BA19BC1B-0D05-C02E-1834-DA466316CDA4}.Release|x86.ActiveCfg = Release|Any CPU
		{BA19BC1B-0D05-C02E-1834-DA466316CDA4}.Release|x86.Build.0 = Release|Any CPU
		{BA19BC1B-0D05-C02E-1834-DA466316CDA4}.Release|x86.Deploy.0 = Release|Any CPU
	EndGlobalSection
	GlobalSection(SolutionProperties) = preSolution
		HideSolutionNode = FALSE
	EndGlobalSection
	GlobalSection(ExtensibilityGlobals) = postSolution
		SolutionGuid = {3049BA63-7CF8-47DD-BB14-E5C2C7CEB94E}
	EndGlobalSection
EndGlobal
